
Microsoft Visual Studio Solution File, Format Version 12.00
# Visual Studio 15
VisualStudioVersion = 15.0.27703.2047
MinimumVisualStudioVersion = 10.0.40219.1
Project("{FAE04EC0-301F-11D3-BF4B-00C04F79EFBC}") = "Plant_Digitization_api", "Plant_Digitization_api\Plant_Digitization_api.csproj", "{878320EB-38DF-48B4-BE6F-B40C9901DF34}"
EndProject
Global
	GlobalSection(SolutionConfigurationPlatforms) = preSolution
		Debug|Any CPU = Debug|Any CPU
		Debug|x64 = Debug|x64
		Release|Any CPU = Release|Any CPU
		Release|x64 = Release|x64
	EndGlobalSection
	GlobalSection(ProjectConfigurationPlatforms) = postSolution
		{878320EB-38DF-48B4-BE6F-B40C9901DF34}.Debug|Any CPU.ActiveCfg = Debug|Any CPU
		{878320EB-38DF-48B4-BE6F-B40C9901DF34}.Debug|Any CPU.Build.0 = Debug|Any CPU
		{878320EB-38DF-48B4-BE6F-B40C9901DF34}.Debug|x64.ActiveCfg = Debug|x64
		{878320EB-38DF-48B4-BE6F-B40C9901DF34}.Debug|x64.Build.0 = Debug|x64
		{878320EB-38DF-48B4-BE6F-B40C9901DF34}.Release|Any CPU.ActiveCfg = Release|Any CPU
		{878320EB-38DF-48B4-BE6F-B40C9901DF34}.Release|Any CPU.Build.0 = Release|Any CPU
		{878320EB-38DF-48B4-BE6F-B40C9901DF34}.Release|x64.ActiveCfg = Release|x64
		{878320EB-38DF-48B4-BE6F-B40C9901DF34}.Release|x64.Build.0 = Release|x64
	EndGlobalSection
	GlobalSection(SolutionProperties) = preSolution
		HideSolutionNode = FALSE
	EndGlobalSection
	GlobalSection(ExtensibilityGlobals) = postSolution
		SolutionGuid = {58D0E7DA-CFFE-4828-BF5D-860D2F0A5AB4}
	EndGlobalSection
EndGlobal
